# Inputs used by the 0.3.x environment profile.
agent_image_base = "debian:stable-slim@sha256:1710bde34461551a19a47c787885ec9ad7058d9a5bead2affb8d088fa2f8502b"
toolchain_image = "rust:1@sha256:b1b3c9c0d921d7fa0a6d1f9ec7e4eab87f8c8ec97644c3d791450f131dec813f"
target_source = "cashubtc/cdk@4ecf992f031a37154ff9e651d029d7053608b37e"
spec_source = "cashubtc/nuts@3bc8b6d5b160d4427cbde01b4cd1c782ce6a835a"
